
Microsoft Visual Studio Solution File, Format Version 12.00
# Visual Studio Version 16
VisualStudioVersion = 16.0.32901.82
MinimumVisualStudioVersion = 10.0.40219.1
Project("{FAE04EC0-301F-11D3-BF4B-00C04F79EFBC}") = "069_Exercise1", "069_Exercise1\069_Exercise1.csproj", "{697EB0DB-DF43-450B-B45C-FACA39099EE8}"
EndProject
Global
	GlobalSection(SolutionConfigurationPlatforms) = preSolution
		Debug|Any CPU = Debug|Any CPU
		Release|Any CPU = Release|Any CPU
	EndGlobalSection
	GlobalSection(ProjectConfigurationPlatforms) = postSolution
		{697EB0DB-DF43-450B-B45C-FACA39099EE8}.Debug|Any CPU.ActiveCfg = Debug|Any CPU
		{697EB0DB-DF43-450B-B45C-FACA39099EE8}.Debug|Any CPU.Build.0 = Debug|Any CPU
		{697EB0DB-DF43-450B-B45C-FACA39099EE8}.Release|Any CPU.ActiveCfg = Release|Any CPU
		{697EB0DB-DF43-450B-B45C-FACA39099EE8}.Release|Any CPU.Build.0 = Release|Any CPU
	EndGlobalSection
	GlobalSection(SolutionProperties) = preSolution
		HideSolutionNode = FALSE
	EndGlobalSection
	GlobalSection(ExtensibilityGlobals) = postSolution
		SolutionGuid = {2BF649D8-CF72-4D8B-9058-5A43E89F9C2D}
	EndGlobalSection
EndGlobal
